Microsoft Visual Studio Solution File, Format Version 12.00
# Visual Studio Version 17
VisualStudioVersion = 17.5.2.0
MinimumVisualStudioVersion = 10.0.40219.1
Project("{FAE04EC0-301F-11D3-BF4B-00C04F79EFBC}") = "GymStats", "GymStats.csproj", "{9DE32E27-3FFD-BDFE-478A-5922324CC5D2}"
EndProject
Global
	GlobalSection(SolutionConfigurationPlatforms) = preSolution
		Debug|Any CPU = Debug|Any CPU
		Release|Any CPU = Release|Any CPU
	EndGlobalSection
	GlobalSection(ProjectConfigurationPlatforms) = postSolution
		{9DE32E27-3FFD-BDFE-478A-5922324CC5D2}.Debug|Any CPU.ActiveCfg = Debug|Any CPU
		{9DE32E27-3FFD-BDFE-478A-5922324CC5D2}.Debug|Any CPU.Build.0 = Debug|Any CPU
		{9DE32E27-3FFD-BDFE-478A-5922324CC5D2}.Release|Any CPU.ActiveCfg = Release|Any CPU
		{9DE32E27-3FFD-BDFE-478A-5922324CC5D2}.Release|Any CPU.Build.0 = Release|Any CPU
	EndGlobalSection
	GlobalSection(SolutionProperties) = preSolution
		HideSolutionNode = FALSE
	EndGlobalSection
	GlobalSection(ExtensibilityGlobals) = postSolution
		SolutionGuid = {9CE0CB73-65CC-464B-B7CE-CB9C21FE428B}
	EndGlobalSection
EndGlobal
